{
  "name": "cytoscape",
  "lockfileVersion": 2,
  "requires": true,
  "packages": {
    "": {
      "dependencies": {
        "cytoscape": "^3.20.0"
      }
    },
    "node_modules/cytoscape": {
      "version": "3.20.0",
      "resolved": "https://registry.npmjs.org/cytoscape/-/cytoscape-3.20.0.tgz",
      "integrity": "sha512-V2OUoav8ltY9UPgdjuhQOqkkWT28IbJODioWCjcnLqmjym9lMpnD0ie0vdQCdAiZapjbTGAv8aoKmmSuVcC1gA==",
      "dependencies": {
        "heap": "^0.2.6",
        "lodash.debounce": "^4.0.8"
      },
      "engines": {
        "node": ">=0.10"
      }
    },
    "node_modules/heap": {
      "version": "0.2.6",
      "resolved": "https://registry.npmjs.org/heap/-/heap-0.2.6.tgz",
      "integrity": "sha1-CH4fELBGky/IWU3Z5tN4r8nR5aw="
    },
    "node_modules/lodash.debounce": {
      "version": "4.0.8",
      "resolved": "https://registry.npmjs.org/lodash.debounce/-/lodash.debounce-4.0.8.tgz",
      "integrity": "sha1-gteb/zCmfEAF/9XiUVMArZyk168="
    }
  },
  "dependencies": {
    "cytoscape": {
      "version": "3.20.0",
      "resolved": "https://registry.npmjs.org/cytoscape/-/cytoscape-3.20.0.tgz",
      "integrity": "sha512-V2OUoav8ltY9UPgdjuhQOqkkWT28IbJODioWCjcnLqmjym9lMpnD0ie0vdQCdAiZapjbTGAv8aoKmmSuVcC1gA==",
      "requires": {
        "heap": "^0.2.6",
        "lodash.debounce": "^4.0.8"
      }
    },
    "heap": {
      "version": "0.2.6",
      "resolved": "https://registry.npmjs.org/heap/-/heap-0.2.6.tgz",
      "integrity": "sha1-CH4fELBGky/IWU3Z5tN4r8nR5aw="
    },
    "lodash.debounce": {
      "version": "4.0.8",
      "resolved": "https://registry.npmjs.org/lodash.debounce/-/lodash.debounce-4.0.8.tgz",
      "integrity": "sha1-gteb/zCmfEAF/9XiUVMArZyk168="
    }
  }
}
